Microsoft Visual Studio Solution File, Format Version 11.00
# Visual Studio 2008

Project("{BC9134C3-F2BA-17F3-5086-02AFBE11B988}") = "Melon", "Assembly-CSharp.csproj", "{FEEB7A2B-0631-FFB9-4F91-C44AA4E4DE2E}"
EndProject
Global
	GlobalSection(SolutionConfigurationPlatforms) = preSolution
		Debug|Any CPU = Debug|Any CPU
		Release|Any CPU = Release|Any CPU
	EndGlobalSection
	GlobalSection(ProjectConfigurationPlatforms) = postSolution
		{FEEB7A2B-0631-FFB9-4F91-C44AA4E4DE2E}.Debug|Any CPU.ActiveCfg = Debug|Any CPU
		{FEEB7A2B-0631-FFB9-4F91-C44AA4E4DE2E}.Debug|Any CPU.Build.0 = Debug|Any CPU
		{FEEB7A2B-0631-FFB9-4F91-C44AA4E4DE2E}.Release|Any CPU.ActiveCfg = Release|Any CPU
		{FEEB7A2B-0631-FFB9-4F91-C44AA4E4DE2E}.Release|Any CPU.Build.0 = Release|Any CPU
	EndGlobalSection
	GlobalSection(SolutionProperties) = preSolution
		HideSolutionNode = FALSE
	EndGlobalSection
	GlobalSection(MonoDevelopProperties) = preSolution
		StartupItem = Assembly-CSharp.csproj
	EndGlobalSection
EndGlobal
